# This file is automatically @generated by Cargo.
# It is not intended for manual editing.
version = 4

[[package]]
name = "a618-submit-validation-tests"
version = "0.1.0"
dependencies = [
 "adreno-a6xx-layout",
 "adreno-a6xx-pm4",
 "adreno-a6xx-shader-pack",
 "adreno-a6xx-submit-wire",
 "sgfx-codegen-adreno-a6xx",
 "sgfx-core",
]

[[package]]
name = "adreno-a6xx-layout"
version = "0.1.0"

[[package]]
name = "adreno-a6xx-pm4"
version = "0.1.0"

[[package]]
name = "adreno-a6xx-shader-pack"
version = "0.1.0"

[[package]]
name = "adreno-a6xx-submit-wire"
version = "0.1.0"
dependencies = [
 "adreno-a6xx-shader-pack",
]

[[package]]
name = "sgfx-codegen-adreno-a6xx"
version = "0.1.0"
dependencies = [
 "adreno-a6xx-layout",
 "adreno-a6xx-pm4",
 "adreno-a6xx-shader-pack",
 "sgfx-core",
]

[[package]]
name = "sgfx-core"
version = "0.16.0"
source = "git+https://github.com/petitstrawberry/Scarlet?branch=dev#a55d11a0843148c5438d4938e07a221e14da3546"
