# Generated by cargo-scarlet — do not edit

[sections.boot]
hash = "sha256:a1c5f2a577652ae2f0a1eef3b4ac9c63e0f12c0a72c3ce14015fb2c9e0e05526"
layers = []

[sections.initramfs]
hash = "sha256:9aef281e243c3228d74402552b9cc616f8e7dd07f0f38c7fc0a2b6501063b88d"

[[sections.initramfs.layers]]
kind = "cargo"
package = "user-bin"
bin = "init"
to = "/system/scarlet/bin/init"
hash = "sha256:7af9939923d2863f7b4cff12ac03696f3109295d887960f11dcf601cd0c9dc94"

[sections.initramfs.layers.source]
type = "path"
path = ".scarlet/cache/git/3a6ec0c32bdfd41b/user/bin"

[[sections.initramfs.layers]]
kind = "cargo"
package = "user-bin"
bin = "sh"
to = "/system/scarlet/bin/sh"
hash = "sha256:9ddc4ae62bc668a85f3fc6c2b84f4aa792b11da5854779b34ee7c7539f396f96"

[sections.initramfs.layers.source]
type = "path"
path = ".scarlet/cache/git/3a6ec0c32bdfd41b/user/bin"

[[sections.initramfs.layers]]
kind = "cargo"
package = "user-bin"
bin = "login"
to = "/system/scarlet/bin/login"
hash = "sha256:e58f22bea348c751b16d324bf10ba9fd121df1718c736dbf9e16da0f6880a606"

[sections.initramfs.layers.source]
type = "path"
path = ".scarlet/cache/git/3a6ec0c32bdfd41b/user/bin"

[[sections.initramfs.layers]]
kind = "cargo"
package = "user-bin"
bin = "stemd"
to = "/system/scarlet/bin/stemd"
hash = "sha256:f950eb900e5e5e9e534c26c452cb3f3d74599ac5807e1bd6a72be7a86ce02822"

[sections.initramfs.layers.source]
type = "path"
path = ".scarlet/cache/git/3a6ec0c32bdfd41b/user/bin"

[[sections.initramfs.layers]]
kind = "cargo"
package = "user-bin"
bin = "sbusd"
to = "/system/scarlet/bin/sbusd"
hash = "sha256:79d643e05440481d43d6331f3b7cca138fdaf5ba9426482e221fbde518698874"

[sections.initramfs.layers.source]
type = "path"
path = ".scarlet/cache/git/3a6ec0c32bdfd41b/user/bin"

[[sections.initramfs.layers]]
kind = "cargo"
bin = "hello"
to = "/system/scarlet/bin/hello"
hash = "sha256:eb7b8719803f7073de897ce03be4572de37301361ab20e22054e356e86b25595"

[sections.initramfs.layers.source]
type = "path"
path = ".scarlet/cache/git/3a6ec0c32bdfd41b/user/std-bin"

[[sections.initramfs.layers]]
kind = "cargo"
package = "user-bin"
bin = "ps"
to = "/system/scarlet/bin/ps"
hash = "sha256:f63059a35404fd390da2f46eb379c569ba20245831e104bb29e7fa1bfc9170f1"

[sections.initramfs.layers.source]
type = "path"
path = ".scarlet/cache/git/3a6ec0c32bdfd41b/user/bin"

[[sections.initramfs.layers]]
kind = "cargo"
package = "user-bin"
bin = "shutdown"
to = "/system/scarlet/bin/shutdown"
hash = "sha256:e9c59f97e0bb136bfdf8b84f3764b0ad5727491fdbd8284f353d14b03747147e"

[sections.initramfs.layers.source]
type = "path"
path = ".scarlet/cache/git/3a6ec0c32bdfd41b/user/bin"

[[sections.initramfs.layers]]
kind = "cargo"
package = "scarlet-std-bin"
bin = "top"
to = "/system/scarlet/bin/top"
hash = "sha256:dc255da77ff8ebaba919620d6d9a8aa4248f832aabb8f8a10b4219ca0b9ff076"

[sections.initramfs.layers.source]
type = "path"
path = ".scarlet/cache/git/3a6ec0c32bdfd41b/user/std-bin"

[[sections.initramfs.layers]]
kind = "cargo"
package = "scarlet-std-bin"
bin = "kill"
to = "/system/scarlet/bin/kill"
hash = "sha256:eafcdc537533c0100f08c859803ce372ea72800a1f752520c4e9d7b31c4c529d"

[sections.initramfs.layers.source]
type = "path"
path = ".scarlet/cache/git/3a6ec0c32bdfd41b/user/std-bin"

[[sections.initramfs.layers]]
kind = "cargo"
package = "user-bin"
bin = "scpm"
to = "/system/scarlet/bin/scpm"
hash = "sha256:c3e47352495ae99cd3856c4f0e72e1e4b65c00536a807104e9e7b253683828e7"

[sections.initramfs.layers.source]
type = "path"
path = ".scarlet/cache/git/3a6ec0c32bdfd41b/user/bin"

[[sections.initramfs.layers]]
kind = "cargo"
package = "user-bin"
bin = "netcfgd"
to = "/system/scarlet/bin/netcfgd"
hash = "sha256:1a74634ab196d5a00915f313075de77cc0e10d18defa69d991805aa52455db5e"

[sections.initramfs.layers.source]
type = "path"
path = ".scarlet/cache/git/3a6ec0c32bdfd41b/user/bin"

[[sections.initramfs.layers]]
kind = "cargo"
bin = "resolverd"
to = "/system/scarlet/bin/resolverd"
hash = "sha256:0c2f416f83d7c4699d6aff0c6239108f14e06dbfffbe3b424fb7c90931ad4246"

[sections.initramfs.layers.source]
type = "path"
path = ".scarlet/cache/git/3a6ec0c32bdfd41b/user/std-bin"

[[sections.initramfs.layers]]
kind = "cargo"
bin = "ls"
to = "/system/scarlet/bin/ls"
hash = "sha256:e4da37b569b4f05c5247021cc1dd893c14433444953262e65036981e435c103d"

[sections.initramfs.layers.source]
type = "path"
path = ".scarlet/cache/git/3a6ec0c32bdfd41b/user/std-bin"

[[sections.initramfs.layers]]
kind = "cargo"
bin = "cat"
to = "/system/scarlet/bin/cat"
hash = "sha256:f6e2fd02cd0e3655c1ba41a6c5bfc1a6bf1c15629e9f56cc9482c497e7b7558a"

[sections.initramfs.layers.source]
type = "path"
path = ".scarlet/cache/git/3a6ec0c32bdfd41b/user/std-bin"

[[sections.initramfs.layers]]
kind = "cargo"
bin = "rm"
to = "/system/scarlet/bin/rm"
hash = "sha256:fbe154a3925d347aa8295046d29005e2149f265b508a57bd1cb0036da32ddc15"

[sections.initramfs.layers.source]
type = "path"
path = ".scarlet/cache/git/3a6ec0c32bdfd41b/user/std-bin"

[[sections.initramfs.layers]]
kind = "cargo"
bin = "resolve"
to = "/system/scarlet/bin/resolve"
hash = "sha256:6f0ca179287c90d5e908ead8e2b65526708bd26da896b1111e8b6f87f2780445"

[sections.initramfs.layers.source]
type = "path"
path = ".scarlet/cache/git/3a6ec0c32bdfd41b/user/std-bin"

[[sections.initramfs.layers]]
kind = "cargo"
bin = "nc"
to = "/system/scarlet/bin/nc"
hash = "sha256:583472830ef2769b6a467064bb067622289830260affc880f7ae8ab4dc97bf7f"

[sections.initramfs.layers.source]
type = "path"
path = ".scarlet/cache/git/3a6ec0c32bdfd41b/user/std-bin"

[[sections.initramfs.layers]]
kind = "cargo"
package = "user-bin"
bin = "ping"
to = "/system/scarlet/bin/ping"
hash = "sha256:9f16cce32f8b5ec13396676c950f2fe5fafa1943f39c83094bebcc42ba3f7bd8"

[sections.initramfs.layers.source]
type = "path"
path = ".scarlet/cache/git/3a6ec0c32bdfd41b/user/bin"

[[sections.initramfs.layers]]
kind = "cargo"
package = "user-bin"
bin = "netcfg"
to = "/system/scarlet/bin/netcfg"
hash = "sha256:09dc9d48c29e0ad973f37ed453f9df34f3b6fd0563fd9de3780879efb825ea6e"

[sections.initramfs.layers.source]
type = "path"
path = ".scarlet/cache/git/3a6ec0c32bdfd41b/user/bin"

[[sections.initramfs.layers]]
kind = "cargo"
bin = "watch"
to = "/system/scarlet/bin/watch"
hash = "sha256:79ebfd9998d15bc82b3b38bb268947350ae649e785829c97802d13c9e3ba5e5b"

[sections.initramfs.layers.source]
type = "path"
path = ".scarlet/cache/git/3a6ec0c32bdfd41b/user/std-bin"

[[sections.initramfs.layers]]
kind = "cargo"
bin = "date"
to = "/system/scarlet/bin/date"
hash = "sha256:2e1bb59bbf56505bc8c17e0e94c58b457f831232338de3af461d5e3d64d4ba50"

[sections.initramfs.layers.source]
type = "path"
path = ".scarlet/cache/git/3a6ec0c32bdfd41b/user/std-bin"

[[sections.initramfs.layers]]
kind = "cargo"
package = "user-bin"
bin = "fb_test"
to = "/system/scarlet/bin/fb_test"
hash = "sha256:57583138f73eb08ffeb74eff04ce51cf9f0107ad850c5bb435ede74663c6f151"

[sections.initramfs.layers.source]
type = "path"
path = ".scarlet/cache/git/3a6ec0c32bdfd41b/user/bin"
