# Generated by cargo-scarlet — do not edit

[sections.boot]
hash = "sha256:d416144b15351214beca6166cc6253482a8284176dc2fa24b631b524a9760310"
layers = []

[sections.initramfs]
hash = "sha256:4978b679d062f390315c31604cb663e2191ccaa91d915f051bab0c48f323e03b"

[[sections.initramfs.layers]]
kind = "cargo"
package = "user-bin"
bin = "init"
to = "/system/scarlet/bin/init"
hash = "sha256:2176265375b75542043c8938d5323e85f52cd2783ff0ea680adb18e8efd882d4"

[sections.initramfs.layers.source]
type = "path"
path = ".scarlet/cache/git/3a6ec0c32bdfd41b/user/bin"

[[sections.initramfs.layers]]
kind = "cargo"
package = "user-bin"
bin = "sh"
to = "/system/scarlet/bin/sh"
hash = "sha256:264d8bae0fff447ee1380fa36171031476efd49fc0e323eb242df49d70e2dc01"

[sections.initramfs.layers.source]
type = "path"
path = ".scarlet/cache/git/3a6ec0c32bdfd41b/user/bin"

[[sections.initramfs.layers]]
kind = "cargo"
package = "user-bin"
bin = "login"
to = "/system/scarlet/bin/login"
hash = "sha256:e4fa5665eef3d8ede37c1c82e3d3656f006162d2ec7c2c3c748ae1e5807e7784"

[sections.initramfs.layers.source]
type = "path"
path = ".scarlet/cache/git/3a6ec0c32bdfd41b/user/bin"

[[sections.initramfs.layers]]
kind = "cargo"
package = "user-bin"
bin = "stemd"
to = "/system/scarlet/bin/stemd"
hash = "sha256:69ef0feb6e9246f8399de503b5c8bc3610a2d14302f1c41a99e98d09dd192a5c"

[sections.initramfs.layers.source]
type = "path"
path = ".scarlet/cache/git/3a6ec0c32bdfd41b/user/bin"

[[sections.initramfs.layers]]
kind = "cargo"
package = "user-bin"
bin = "sbusd"
to = "/system/scarlet/bin/sbusd"
hash = "sha256:dc60fc6a7a3187ce79fea58ac9c249135313a139bdfd465fdc832d1f00f1be7d"

[sections.initramfs.layers.source]
type = "path"
path = ".scarlet/cache/git/3a6ec0c32bdfd41b/user/bin"

[[sections.initramfs.layers]]
kind = "cargo"
bin = "hello"
to = "/system/scarlet/bin/hello"
hash = "sha256:eb7b8719803f7073de897ce03be4572de37301361ab20e22054e356e86b25595"

[sections.initramfs.layers.source]
type = "path"
path = ".scarlet/cache/git/3a6ec0c32bdfd41b/user/std-bin"

[[sections.initramfs.layers]]
kind = "cargo"
package = "user-bin"
bin = "ps"
to = "/system/scarlet/bin/ps"
hash = "sha256:30452429f93c99ba3fba273ec3fc985ef0a5260af5634a715893b7b230a1fb49"

[sections.initramfs.layers.source]
type = "path"
path = ".scarlet/cache/git/3a6ec0c32bdfd41b/user/bin"

[[sections.initramfs.layers]]
kind = "cargo"
package = "user-bin"
bin = "shutdown"
to = "/system/scarlet/bin/shutdown"
hash = "sha256:803c6b379ce35ef78cd1a8db53ca591ce94457502b38b477a274e4715ab785e3"

[sections.initramfs.layers.source]
type = "path"
path = ".scarlet/cache/git/3a6ec0c32bdfd41b/user/bin"

[[sections.initramfs.layers]]
kind = "cargo"
package = "scarlet-std-bin"
bin = "top"
to = "/system/scarlet/bin/top"
hash = "sha256:d3f075988257b7157482ae6915bba4eb932fb217a559a9105c36fa302339df94"

[sections.initramfs.layers.source]
type = "path"
path = ".scarlet/cache/git/3a6ec0c32bdfd41b/user/std-bin"

[[sections.initramfs.layers]]
kind = "cargo"
package = "scarlet-std-bin"
bin = "kill"
to = "/system/scarlet/bin/kill"
hash = "sha256:eafcdc537533c0100f08c859803ce372ea72800a1f752520c4e9d7b31c4c529d"

[sections.initramfs.layers.source]
type = "path"
path = ".scarlet/cache/git/3a6ec0c32bdfd41b/user/std-bin"

[[sections.initramfs.layers]]
kind = "cargo"
package = "user-bin"
bin = "scpm"
to = "/system/scarlet/bin/scpm"
hash = "sha256:0cc91fd4dbc06b69d9ce77084e4067c36b26b0f3a7761b575cf1d7ca8a99f935"

[sections.initramfs.layers.source]
type = "path"
path = ".scarlet/cache/git/3a6ec0c32bdfd41b/user/bin"

[[sections.initramfs.layers]]
kind = "cargo"
package = "user-bin"
bin = "netcfgd"
to = "/system/scarlet/bin/netcfgd"
hash = "sha256:7aaa166878eec69374a534887af02b7cae611615cad9d1451b31c19fee056e24"

[sections.initramfs.layers.source]
type = "path"
path = ".scarlet/cache/git/3a6ec0c32bdfd41b/user/bin"

[[sections.initramfs.layers]]
kind = "cargo"
bin = "resolverd"
to = "/system/scarlet/bin/resolverd"
hash = "sha256:ecfc6562c8e3b1f991ce7eafc6f2808c24edeb76135d45e8a4ff191201a6bc69"

[sections.initramfs.layers.source]
type = "path"
path = ".scarlet/cache/git/3a6ec0c32bdfd41b/user/std-bin"

[[sections.initramfs.layers]]
kind = "cargo"
bin = "ls"
to = "/system/scarlet/bin/ls"
hash = "sha256:e4da37b569b4f05c5247021cc1dd893c14433444953262e65036981e435c103d"

[sections.initramfs.layers.source]
type = "path"
path = ".scarlet/cache/git/3a6ec0c32bdfd41b/user/std-bin"

[[sections.initramfs.layers]]
kind = "cargo"
bin = "cat"
to = "/system/scarlet/bin/cat"
hash = "sha256:f6e2fd02cd0e3655c1ba41a6c5bfc1a6bf1c15629e9f56cc9482c497e7b7558a"

[sections.initramfs.layers.source]
type = "path"
path = ".scarlet/cache/git/3a6ec0c32bdfd41b/user/std-bin"

[[sections.initramfs.layers]]
kind = "cargo"
bin = "rm"
to = "/system/scarlet/bin/rm"
hash = "sha256:fbe154a3925d347aa8295046d29005e2149f265b508a57bd1cb0036da32ddc15"

[sections.initramfs.layers.source]
type = "path"
path = ".scarlet/cache/git/3a6ec0c32bdfd41b/user/std-bin"

[[sections.initramfs.layers]]
kind = "cargo"
bin = "resolve"
to = "/system/scarlet/bin/resolve"
hash = "sha256:c8d31defe5fb00bb4d5683d842b976b785986d306abf232c7c0b007d16bb8f94"

[sections.initramfs.layers.source]
type = "path"
path = ".scarlet/cache/git/3a6ec0c32bdfd41b/user/std-bin"

[[sections.initramfs.layers]]
kind = "cargo"
bin = "nc"
to = "/system/scarlet/bin/nc"
hash = "sha256:583472830ef2769b6a467064bb067622289830260affc880f7ae8ab4dc97bf7f"

[sections.initramfs.layers.source]
type = "path"
path = ".scarlet/cache/git/3a6ec0c32bdfd41b/user/std-bin"

[[sections.initramfs.layers]]
kind = "cargo"
package = "user-bin"
bin = "ping"
to = "/system/scarlet/bin/ping"
hash = "sha256:4882f06b25edc6028400e1249e073250be6ebeb31138d6ae64dd08bb3e065675"

[sections.initramfs.layers.source]
type = "path"
path = ".scarlet/cache/git/3a6ec0c32bdfd41b/user/bin"

[[sections.initramfs.layers]]
kind = "cargo"
package = "user-bin"
bin = "netcfg"
to = "/system/scarlet/bin/netcfg"
hash = "sha256:7f50e767d42d6d292cd9f6fa99de3284e60b1a5f91c1d93ac8c57d65607e93b9"

[sections.initramfs.layers.source]
type = "path"
path = ".scarlet/cache/git/3a6ec0c32bdfd41b/user/bin"

[[sections.initramfs.layers]]
kind = "cargo"
bin = "watch"
to = "/system/scarlet/bin/watch"
hash = "sha256:79ebfd9998d15bc82b3b38bb268947350ae649e785829c97802d13c9e3ba5e5b"

[sections.initramfs.layers.source]
type = "path"
path = ".scarlet/cache/git/3a6ec0c32bdfd41b/user/std-bin"

[[sections.initramfs.layers]]
kind = "cargo"
bin = "date"
to = "/system/scarlet/bin/date"
hash = "sha256:2e1bb59bbf56505bc8c17e0e94c58b457f831232338de3af461d5e3d64d4ba50"

[sections.initramfs.layers.source]
type = "path"
path = ".scarlet/cache/git/3a6ec0c32bdfd41b/user/std-bin"

[[sections.initramfs.layers]]
kind = "cargo"
package = "user-bin"
bin = "fb_test"
to = "/system/scarlet/bin/fb_test"
hash = "sha256:213d2bf01b864d14c72e0a1c7d0cea68c6871a70193adf5cdf2820bebbdf13c2"

[sections.initramfs.layers.source]
type = "path"
path = ".scarlet/cache/git/3a6ec0c32bdfd41b/user/bin"
