# Generated by cargo-scarlet — do not edit

[sections.boot]
hash = "sha256:17c0b0ef2732e88e377c0323f5d2b72de3bfce7f38f6b4730a3271edf15bcf70"
layers = []

[sections.disk]
hash = "sha256:ecff1d7f4cdfbe590ad6a6cd0b3cd4fb020c307f723f4ce2d476c5b9a6a189f7"
layers = []

[sections.initramfs]
hash = "sha256:306f5ac1279b8f6a7954b4338e4668417d2304a7a882efa4b894d57bc6808b55"

[[sections.initramfs.layers]]
kind = "cargo"
package = "user-bin"
bin = "init"
to = "/init"
hash = "sha256:928e393ba4970f3588a3d2125b4761719ff2a81005cd86204970625ef7788f3a"

[sections.initramfs.layers.source]
type = "path"
path = "../../../Scarlet/user/bin"

[[sections.initramfs.layers]]
kind = "cargo"
package = "user-bin"
bin = "sh"
to = "/bin/sh"
hash = "sha256:069621e2c1fcda4c5ac9a3d3692af1a07714873ff08d68a1e325b621f6faae10"

[sections.initramfs.layers.source]
type = "path"
path = "../../../Scarlet/user/bin"

[[sections.initramfs.layers]]
kind = "cargo"
package = "user-bin"
bin = "login"
to = "/bin/login"
hash = "sha256:6fb3676b1519504287ca6d1e83906fe6e535d8e9edd21cef4756cf644912ae33"

[sections.initramfs.layers.source]
type = "path"
path = "../../../Scarlet/user/bin"

[[sections.initramfs.layers]]
kind = "cargo"
package = "scarlet-std-bin"
bin = "stemd"
to = "/bin/stemd"
hash = "sha256:28ff921085a0b713e92c8d1f2ce649c1be2f71ae19a44725a19e3d43bc0a5bb6"

[sections.initramfs.layers.source]
type = "path"
path = "../../../Scarlet/user/std-bin"

[[sections.initramfs.layers]]
kind = "cargo"
package = "scarlet-std-bin"
bin = "logd"
to = "/bin/logd"
hash = "sha256:a76586640afbf5fc3988f666bd953811d05f77dcddcc55f3f5e4953cd0728ec3"

[sections.initramfs.layers.source]
type = "path"
path = "../../../Scarlet/user/std-bin"

[[sections.initramfs.layers]]
kind = "cargo"
package = "scarlet-std-bin"
bin = "logctl"
to = "/bin/logctl"
hash = "sha256:5492c42fbac092220afa5dd88a01c9a4e527b6547072d960e068a9b07fb4556d"

[sections.initramfs.layers.source]
type = "path"
path = "../../../Scarlet/user/std-bin"

[[sections.initramfs.layers]]
kind = "cargo"
package = "user-bin"
bin = "sbusd"
to = "/bin/sbusd"
hash = "sha256:b8905965daa65fb2e47ec593ec1c5bdbc619a390e2a0521fb7f892eec41c101b"

[sections.initramfs.layers.source]
type = "path"
path = "../../../Scarlet/user/bin"

[[sections.initramfs.layers]]
kind = "cargo"
bin = "hello"
to = "/bin/hello"
hash = "sha256:b723c81336d46db28138259406f71440ad3e08031a49c8522d464ec007c03e29"

[sections.initramfs.layers.source]
type = "path"
path = "../../../Scarlet/user/std-bin"

[[sections.initramfs.layers]]
kind = "cargo"
package = "scarlet-std-bin"
bin = "kernel-info"
to = "/bin/kernel-info"
hash = "sha256:2d4403f0338d295ee078639ff53813783030e5e43d844e1323d0e379cff8096f"

[sections.initramfs.layers.source]
type = "path"
path = "../../../Scarlet/user/std-bin"

[[sections.initramfs.layers]]
kind = "cargo"
package = "user-bin"
bin = "ps"
to = "/bin/ps"
hash = "sha256:170fa4adbe5346348d43f3ce8f181547585a7ee7b423d7158fa3d13ec9faacea"

[sections.initramfs.layers.source]
type = "path"
path = "../../../Scarlet/user/bin"

[[sections.initramfs.layers]]
kind = "cargo"
bin = "shutdown"
to = "/bin/shutdown"
hash = "sha256:2966f13bedbcc102cf75f79d22bb1cc7d3adb540278b73cf0e90ae5f67079d1e"

[sections.initramfs.layers.source]
type = "path"
path = "../../../Scarlet/user/std-bin"

[[sections.initramfs.layers]]
kind = "cargo"
package = "scarlet-std-bin"
bin = "top"
to = "/bin/top"
hash = "sha256:a94b2c663bcc64b8ada7279d108750cd801f43526ee107ddf89c45003b0a1eb9"

[sections.initramfs.layers.source]
type = "path"
path = "../../../Scarlet/user/std-bin"

[[sections.initramfs.layers]]
kind = "cargo"
package = "scarlet-std-bin"
bin = "kill"
to = "/bin/kill"
hash = "sha256:89d71fb218abc9892ae62238676927ffa3f01cdd2c1b01f304f3710f00aa6bc8"

[sections.initramfs.layers.source]
type = "path"
path = "../../../Scarlet/user/std-bin"

[[sections.initramfs.layers]]
kind = "cargo"
package = "user-bin"
bin = "scpm"
to = "/bin/scpm"
hash = "sha256:29fef3a2458770b86556aca5811a07a83d32369d879a145655a0274e6ad7ad28"

[sections.initramfs.layers.source]
type = "path"
path = "../../../Scarlet/user/bin"

[[sections.initramfs.layers]]
kind = "cargo"
package = "user-bin"
bin = "netcfgd"
to = "/bin/netcfgd"
hash = "sha256:10daf7835065f9fc39b8b953e41d14c45f7975424d0e2246633ee9d3eb645dee"

[sections.initramfs.layers.source]
type = "path"
path = "../../../Scarlet/user/bin"

[[sections.initramfs.layers]]
kind = "cargo"
package = "user-bin"
bin = "sshd"
to = "/bin/sshd"
hash = "sha256:04db1075d4e66e558a300a0543470f85d56309d820e1a5bb3d9ab168afaf2baf"

[sections.initramfs.layers.source]
type = "path"
path = "../../../Scarlet/user/bin"

[[sections.initramfs.layers]]
kind = "cargo"
bin = "resolverd"
to = "/bin/resolverd"
hash = "sha256:0e58a7f845595a1290ae437fe7aeb4eb8b7c3ee4251f33bc9cb4b7de62bb2d58"

[sections.initramfs.layers.source]
type = "path"
path = "../../../Scarlet/user/std-bin"

[[sections.initramfs.layers]]
kind = "cargo"
bin = "abi-run"
to = "/bin/abi-run"
hash = "sha256:cd2a92bbccffc29de6fcf95835764dc3617abd8c4e0ddcb06589365b7a3a3ac0"

[sections.initramfs.layers.source]
type = "path"
path = "../../../Scarlet/user/std-bin"

[[sections.initramfs.layers]]
kind = "cargo"
bin = "ls"
to = "/bin/ls"
hash = "sha256:39fa6c25b3fa3852cddb151227c5acb24fd18a41622e89af31954dd2ecd8abdf"

[sections.initramfs.layers.source]
type = "path"
path = "../../../Scarlet/user/std-bin"

[[sections.initramfs.layers]]
kind = "cargo"
bin = "cat"
to = "/bin/cat"
hash = "sha256:9fe5d39e6049742f6362ff56b8bffddabe5707389b6dfb6235ea197dfb051963"

[sections.initramfs.layers.source]
type = "path"
path = "../../../Scarlet/user/std-bin"

[[sections.initramfs.layers]]
kind = "cargo"
bin = "rm"
to = "/bin/rm"
hash = "sha256:51ca8361bfe33eed19d41ca45b5feec73773fb2481586de98ee9565da052ba80"

[sections.initramfs.layers.source]
type = "path"
path = "../../../Scarlet/user/std-bin"

[[sections.initramfs.layers]]
kind = "cargo"
bin = "resolve"
to = "/bin/resolve"
hash = "sha256:8fef5212ea979843039067e816a9343aa41fb1bc692b91debfc154f67a1daa35"

[sections.initramfs.layers.source]
type = "path"
path = "../../../Scarlet/user/std-bin"

[[sections.initramfs.layers]]
kind = "cargo"
bin = "nc"
to = "/bin/nc"
hash = "sha256:2450703e8942370ede4622989ddc909341a6d34634d7cfc51242acee6a2bd465"

[sections.initramfs.layers.source]
type = "path"
path = "../../../Scarlet/user/std-bin"

[[sections.initramfs.layers]]
kind = "cargo"
bin = "ping"
to = "/bin/ping"
hash = "sha256:0c04f5bc040690dbb9323754f87c6ed426c5625081948eaef37462559dbcdfa2"

[sections.initramfs.layers.source]
type = "path"
path = "../../../Scarlet/user/std-bin"

[[sections.initramfs.layers]]
kind = "cargo"
bin = "netcfg"
to = "/bin/netcfg"
hash = "sha256:d281ac58fe59093d893ceed6f3ea14938ee265b0bdf76f0cbf45da0b878ca562"

[sections.initramfs.layers.source]
type = "path"
path = "../../../Scarlet/user/std-bin"

[[sections.initramfs.layers]]
kind = "cargo"
bin = "watch"
to = "/bin/watch"
hash = "sha256:176ae27adb532c3e33ba7155cd80c7bcb7b5cfc6cd01dc292c2cf7efff7d87fd"

[sections.initramfs.layers.source]
type = "path"
path = "../../../Scarlet/user/std-bin"

[[sections.initramfs.layers]]
kind = "cargo"
bin = "date"
to = "/bin/date"
hash = "sha256:2cb944d42281c63090337646a86fee9c9549ceeabba8dabfe8ff33508169b95f"

[sections.initramfs.layers.source]
type = "path"
path = "../../../Scarlet/user/std-bin"

[[sections.initramfs.layers]]
kind = "cargo"
bin = "fb-test"
to = "/bin/fb-test"
hash = "sha256:97d9d3e1d98122ba396d904fdbd8692d808d21150e049c8a707ff969f6c1a5f4"

[sections.initramfs.layers.source]
type = "path"
path = "../../../Scarlet/user/std-bin"

[sections.rootfs]
hash = "sha256:30c0bb7a7cd8ce49f6fa242660729abaca6810f574356cd45534bf736314dcb2"

[[sections.rootfs.layers]]
kind = "cargo"
package = "user-bin"
bin = "init"
to = "/init"
hash = "sha256:928e393ba4970f3588a3d2125b4761719ff2a81005cd86204970625ef7788f3a"

[sections.rootfs.layers.source]
type = "path"
path = "../../../Scarlet/user/bin"

[[sections.rootfs.layers]]
kind = "cargo"
package = "user-bin"
bin = "sh"
to = "/bin/sh"
hash = "sha256:069621e2c1fcda4c5ac9a3d3692af1a07714873ff08d68a1e325b621f6faae10"

[sections.rootfs.layers.source]
type = "path"
path = "../../../Scarlet/user/bin"

[[sections.rootfs.layers]]
kind = "cargo"
package = "user-bin"
bin = "login"
to = "/bin/login"
hash = "sha256:6fb3676b1519504287ca6d1e83906fe6e535d8e9edd21cef4756cf644912ae33"

[sections.rootfs.layers.source]
type = "path"
path = "../../../Scarlet/user/bin"

[[sections.rootfs.layers]]
kind = "cargo"
package = "scarlet-std-bin"
bin = "stemd"
to = "/bin/stemd"
hash = "sha256:28ff921085a0b713e92c8d1f2ce649c1be2f71ae19a44725a19e3d43bc0a5bb6"

[sections.rootfs.layers.source]
type = "path"
path = "../../../Scarlet/user/std-bin"

[[sections.rootfs.layers]]
kind = "cargo"
package = "scarlet-std-bin"
bin = "logd"
to = "/bin/logd"
hash = "sha256:a76586640afbf5fc3988f666bd953811d05f77dcddcc55f3f5e4953cd0728ec3"

[sections.rootfs.layers.source]
type = "path"
path = "../../../Scarlet/user/std-bin"

[[sections.rootfs.layers]]
kind = "cargo"
package = "scarlet-std-bin"
bin = "logctl"
to = "/bin/logctl"
hash = "sha256:5492c42fbac092220afa5dd88a01c9a4e527b6547072d960e068a9b07fb4556d"

[sections.rootfs.layers.source]
type = "path"
path = "../../../Scarlet/user/std-bin"

[[sections.rootfs.layers]]
kind = "cargo"
package = "user-bin"
bin = "sbusd"
to = "/bin/sbusd"
hash = "sha256:b8905965daa65fb2e47ec593ec1c5bdbc619a390e2a0521fb7f892eec41c101b"

[sections.rootfs.layers.source]
type = "path"
path = "../../../Scarlet/user/bin"

[[sections.rootfs.layers]]
kind = "cargo"
bin = "hello"
to = "/bin/hello"
hash = "sha256:b723c81336d46db28138259406f71440ad3e08031a49c8522d464ec007c03e29"

[sections.rootfs.layers.source]
type = "path"
path = "../../../Scarlet/user/std-bin"

[[sections.rootfs.layers]]
kind = "cargo"
package = "scarlet-std-bin"
bin = "kernel-info"
to = "/bin/kernel-info"
hash = "sha256:2d4403f0338d295ee078639ff53813783030e5e43d844e1323d0e379cff8096f"

[sections.rootfs.layers.source]
type = "path"
path = "../../../Scarlet/user/std-bin"

[[sections.rootfs.layers]]
kind = "cargo"
package = "user-bin"
bin = "ps"
to = "/bin/ps"
hash = "sha256:170fa4adbe5346348d43f3ce8f181547585a7ee7b423d7158fa3d13ec9faacea"

[sections.rootfs.layers.source]
type = "path"
path = "../../../Scarlet/user/bin"

[[sections.rootfs.layers]]
kind = "cargo"
bin = "shutdown"
to = "/bin/shutdown"
hash = "sha256:2966f13bedbcc102cf75f79d22bb1cc7d3adb540278b73cf0e90ae5f67079d1e"

[sections.rootfs.layers.source]
type = "path"
path = "../../../Scarlet/user/std-bin"

[[sections.rootfs.layers]]
kind = "cargo"
package = "scarlet-std-bin"
bin = "top"
to = "/bin/top"
hash = "sha256:a94b2c663bcc64b8ada7279d108750cd801f43526ee107ddf89c45003b0a1eb9"

[sections.rootfs.layers.source]
type = "path"
path = "../../../Scarlet/user/std-bin"

[[sections.rootfs.layers]]
kind = "cargo"
package = "scarlet-std-bin"
bin = "kill"
to = "/bin/kill"
hash = "sha256:89d71fb218abc9892ae62238676927ffa3f01cdd2c1b01f304f3710f00aa6bc8"

[sections.rootfs.layers.source]
type = "path"
path = "../../../Scarlet/user/std-bin"

[[sections.rootfs.layers]]
kind = "cargo"
package = "user-bin"
bin = "scpm"
to = "/bin/scpm"
hash = "sha256:29fef3a2458770b86556aca5811a07a83d32369d879a145655a0274e6ad7ad28"

[sections.rootfs.layers.source]
type = "path"
path = "../../../Scarlet/user/bin"

[[sections.rootfs.layers]]
kind = "cargo"
package = "user-bin"
bin = "netcfgd"
to = "/bin/netcfgd"
hash = "sha256:10daf7835065f9fc39b8b953e41d14c45f7975424d0e2246633ee9d3eb645dee"

[sections.rootfs.layers.source]
type = "path"
path = "../../../Scarlet/user/bin"

[[sections.rootfs.layers]]
kind = "cargo"
package = "user-bin"
bin = "sshd"
to = "/bin/sshd"
hash = "sha256:04db1075d4e66e558a300a0543470f85d56309d820e1a5bb3d9ab168afaf2baf"

[sections.rootfs.layers.source]
type = "path"
path = "../../../Scarlet/user/bin"

[[sections.rootfs.layers]]
kind = "cargo"
bin = "resolverd"
to = "/bin/resolverd"
hash = "sha256:0e58a7f845595a1290ae437fe7aeb4eb8b7c3ee4251f33bc9cb4b7de62bb2d58"

[sections.rootfs.layers.source]
type = "path"
path = "../../../Scarlet/user/std-bin"

[[sections.rootfs.layers]]
kind = "cargo"
bin = "abi-run"
to = "/bin/abi-run"
hash = "sha256:cd2a92bbccffc29de6fcf95835764dc3617abd8c4e0ddcb06589365b7a3a3ac0"

[sections.rootfs.layers.source]
type = "path"
path = "../../../Scarlet/user/std-bin"

[[sections.rootfs.layers]]
kind = "cargo"
bin = "ls"
to = "/bin/ls"
hash = "sha256:39fa6c25b3fa3852cddb151227c5acb24fd18a41622e89af31954dd2ecd8abdf"

[sections.rootfs.layers.source]
type = "path"
path = "../../../Scarlet/user/std-bin"

[[sections.rootfs.layers]]
kind = "cargo"
bin = "cat"
to = "/bin/cat"
hash = "sha256:9fe5d39e6049742f6362ff56b8bffddabe5707389b6dfb6235ea197dfb051963"

[sections.rootfs.layers.source]
type = "path"
path = "../../../Scarlet/user/std-bin"

[[sections.rootfs.layers]]
kind = "cargo"
bin = "rm"
to = "/bin/rm"
hash = "sha256:51ca8361bfe33eed19d41ca45b5feec73773fb2481586de98ee9565da052ba80"

[sections.rootfs.layers.source]
type = "path"
path = "../../../Scarlet/user/std-bin"

[[sections.rootfs.layers]]
kind = "cargo"
bin = "resolve"
to = "/bin/resolve"
hash = "sha256:8fef5212ea979843039067e816a9343aa41fb1bc692b91debfc154f67a1daa35"

[sections.rootfs.layers.source]
type = "path"
path = "../../../Scarlet/user/std-bin"

[[sections.rootfs.layers]]
kind = "cargo"
bin = "nc"
to = "/bin/nc"
hash = "sha256:2450703e8942370ede4622989ddc909341a6d34634d7cfc51242acee6a2bd465"

[sections.rootfs.layers.source]
type = "path"
path = "../../../Scarlet/user/std-bin"

[[sections.rootfs.layers]]
kind = "cargo"
bin = "ping"
to = "/bin/ping"
hash = "sha256:0c04f5bc040690dbb9323754f87c6ed426c5625081948eaef37462559dbcdfa2"

[sections.rootfs.layers.source]
type = "path"
path = "../../../Scarlet/user/std-bin"

[[sections.rootfs.layers]]
kind = "cargo"
bin = "netcfg"
to = "/bin/netcfg"
hash = "sha256:d281ac58fe59093d893ceed6f3ea14938ee265b0bdf76f0cbf45da0b878ca562"

[sections.rootfs.layers.source]
type = "path"
path = "../../../Scarlet/user/std-bin"

[[sections.rootfs.layers]]
kind = "cargo"
bin = "watch"
to = "/bin/watch"
hash = "sha256:176ae27adb532c3e33ba7155cd80c7bcb7b5cfc6cd01dc292c2cf7efff7d87fd"

[sections.rootfs.layers.source]
type = "path"
path = "../../../Scarlet/user/std-bin"

[[sections.rootfs.layers]]
kind = "cargo"
bin = "date"
to = "/bin/date"
hash = "sha256:2cb944d42281c63090337646a86fee9c9549ceeabba8dabfe8ff33508169b95f"

[sections.rootfs.layers.source]
type = "path"
path = "../../../Scarlet/user/std-bin"

[[sections.rootfs.layers]]
kind = "cargo"
bin = "fb-test"
to = "/bin/fb-test"
hash = "sha256:97d9d3e1d98122ba396d904fdbd8692d808d21150e049c8a707ff969f6c1a5f4"

[sections.rootfs.layers.source]
type = "path"
path = "../../../Scarlet/user/std-bin"

[[sections.rootfs.layers]]
kind = "cargo"
package = "user-bin"
bin = "scarlet-desktop"
to = "/bin/scarlet-desktop"
hash = "sha256:c66990294cc8e374a360aac3ebe659e0787c32f065037f0019d138d8dd9e7683"

[sections.rootfs.layers.source]
type = "path"
path = "../../../Scarlet/user/bin"

[[sections.rootfs.layers]]
kind = "cargo"
package = "user-bin"
bin = "desktop-settings"
to = "/bin/desktop-settings"
hash = "sha256:46f861b2999d1dbad82e5ac62959bf8574cc8258d3fac6a2b7bbdd7818aab411"

[sections.rootfs.layers.source]
type = "path"
path = "../../../Scarlet/user/bin"

[[sections.rootfs.layers]]
kind = "cargo"
package = "scarlet-std-bin"
bin = "files"
to = "/bin/files"
hash = "sha256:99023f9822d943e71e19bbab8412c812bd459dfc9a7d210421fa462a7f67885e"

[sections.rootfs.layers.source]
type = "path"
path = "../../../Scarlet/user/std-bin"

[[sections.rootfs.layers]]
kind = "cargo"
package = "scarlet-std-bin"
bin = "notepad"
to = "/bin/notepad"
hash = "sha256:0e00a37761ce15e86004c428f8252cb679433e0c4110ce83289ca622b65542c2"

[sections.rootfs.layers.source]
type = "path"
path = "../../../Scarlet/user/std-bin"

[[sections.rootfs.layers]]
kind = "cargo"
package = "scarlet-std-bin"
bin = "scarlet-shell"
to = "/bin/scarlet-shell"
hash = "sha256:47357c30030bf684e520420859f33cf91ce25c7eee17fdfa14d02d418ee61608"

[sections.rootfs.layers.source]
type = "path"
path = "../../../Scarlet/user/std-bin"

[[sections.rootfs.layers]]
kind = "cargo"
package = "user-bin"
bin = "terminal"
to = "/bin/terminal"
hash = "sha256:de6f53c629fa388c5b84edf0b4557312f98f1965e9459bdf8ae143e1dbfd1bdc"

[sections.rootfs.layers.source]
type = "path"
path = "../../../Scarlet/user/bin"

[[sections.rootfs.layers]]
kind = "cargo"
package = "scarlet-std-bin"
bin = "sws"
to = "/bin/sws"
hash = "sha256:056338b6f365c4abee829606431252302a552b4db9382a48eefdaa5445319fef"

[sections.rootfs.layers.source]
type = "path"
path = "../../../Scarlet/user/std-bin"

[[sections.rootfs.layers]]
kind = "cargo"
package = "user-bin"
bin = "sas"
to = "/bin/sas"
hash = "sha256:a50bdc361bd184d90d0227d7161ba9e7f9c615d6cbfd516a7380541cde62dfb7"

[sections.rootfs.layers.source]
type = "path"
path = "../../../Scarlet/user/bin"

[[sections.rootfs.layers]]
kind = "cargo"
bin = "sasctl"
to = "/bin/sasctl"
hash = "sha256:65b5123fe746302026a818aba37ec235facb73067c59c5ad71ec810c057a520d"

[sections.rootfs.layers.source]
type = "path"
path = "../../../Scarlet/user/std-bin"

[[sections.rootfs.layers]]
kind = "cargo"
package = "user-bin"
bin = "mplayer"
to = "/bin/mplayer"
hash = "sha256:056c1d1bf18124bb3461c1db3f78277a831af3740ed638818f29ccba1259b4d5"

[sections.rootfs.layers.source]
type = "path"
path = "../../../Scarlet/user/bin"

[[sections.rootfs.layers]]
kind = "cargo"
package = "user-bin"
bin = "ui-demo"
to = "/bin/ui-demo"
hash = "sha256:cf5e423f723e3b3cc853c4bc211adf9a24773a4d2e81da2d42a4e9f0527aed27"

[sections.rootfs.layers.source]
type = "path"
path = "../../../Scarlet/user/bin"

[[sections.rootfs.layers]]
kind = "cargo"
package = "user-bin"
bin = "ui-benchmark"
to = "/bin/ui-benchmark"
hash = "sha256:47149dae0ba04f7d6f76e774d5fe56fe4e504f03021f38b49c6403430bc09e3d"

[sections.rootfs.layers.source]
type = "path"
path = "../../../Scarlet/user/bin"

[[sections.rootfs.layers]]
kind = "cargo"
git = "https://github.com/petitstrawberry/scarlet-ui"
git_ref = "e4ffcc6e2addff4f45a6abcb223a3f62494aa4b5"
resolved_rev = "e4ffcc6e2addff4f45a6abcb223a3f62494aa4b5"
package = "scarlet-ui-widget-factory"
bin = "scarlet-ui-widget-factory"
subdir = "examples/widget-factory"
to = "/bin/widget-factory"
hash = "sha256:fc09fe02c1b47cb4db37107a7f08e8a98d6fd1014f50a022ce74af48e4d7838d"

[sections.rootfs.layers.source]
type = "git"
url = "https://github.com/petitstrawberry/scarlet-ui"
rev = "e4ffcc6e2addff4f45a6abcb223a3f62494aa4b5"

[[sections.rootfs.layers]]
kind = "cargo"
bin = "ui-sgfx-showcase"
to = "/bin/ui-sgfx-showcase"
hash = "sha256:2458e10a0b94bafb8a80be6a98882ba076e43bcb2c8796481fcbe709da35c235"

[sections.rootfs.layers.source]
type = "path"
path = "../../../Scarlet/user/std-bin"

[[sections.rootfs.layers]]
kind = "cargo"
package = "user-bin"
bin = "settings"
to = "/bin/settings"
hash = "sha256:e7c977f1c7b2a511b1bb67bcd945af6469767e6edcbd4e5452ddca42d3db1fbd"

[sections.rootfs.layers.source]
type = "path"
path = "../../../Scarlet/user/bin"

[[sections.rootfs.layers]]
kind = "cargo"
bin = "task-manager"
to = "/bin/task-manager"
hash = "sha256:a1b0c07a7bb0d08fa35d6e98c666aad3f131e421878b5102a889fb9c8039f6e8"

[sections.rootfs.layers.source]
type = "path"
path = "../../../Scarlet/user/std-bin"

[[sections.rootfs.layers]]
kind = "cargo"
package = "user-bin"
bin = "scarlet-skk"
to = "/bin/scarlet-skk"
hash = "sha256:e3db8ce2f6274abdc6acdc514e2bda40cc87e90c976e503e3db267ed1f2a8647"

[sections.rootfs.layers.source]
type = "path"
path = "../../../Scarlet/user/bin"

[[sections.rootfs.layers]]
kind = "script"
to = "/share/skk/SKK-JISYO.L"
output = "../../../Scarlet/bundles/desktop/.scarlet/cache/skk/SKK-JISYO.L"
hash = "sha256:cb3638df4cf621359db4e5aca385deae3cd0e681540da1c788d004374d261a42"

[sections.rootfs.layers.source]
type = "path"
path = "../../../Scarlet/bundles/desktop/tools/fetch_skk_dictionary.sh"

[[sections.rootfs.layers]]
kind = "cargo"
package = "user-bin"
bin = "wayland-bridge"
to = "/bin/wayland-bridge"
hash = "sha256:59be5ad96f177bafab8f62e6cbfa1d99c8c2d2395833ded26f3e400ed824ebaa"

[sections.rootfs.layers.source]
type = "path"
path = "../../../Scarlet/user/bin"

[[sections.rootfs.layers]]
kind = "cargo"
bin = "ansi-banner"
to = "/bin/ansi-banner"
hash = "sha256:f9720238ce88e2b8905d29497462d7eb3d0b8c761c4b243ca121deafd03f2345"

[sections.rootfs.layers.source]
type = "path"
path = "../../../Scarlet/user/std-bin"

[[sections.rootfs.layers]]
kind = "cargo"
package = "user-bin"
bin = "sgfx-probe"
to = "/bin/sgfx-probe"
hash = "sha256:98b256481720cc97b669b8d182d31bd035ec2395b2caafc77aa8046656983140"

[sections.rootfs.layers.source]
type = "path"
path = "../../../Scarlet/user/bin"

[[sections.rootfs.layers]]
kind = "cargo"
bin = "sgfx-cube"
to = "/bin/sgfx-cube"
hash = "sha256:f580f80c7477f8aa0203333722b2bd80deaefdeb1ad9f25772fefb4ab63753a0"

[sections.rootfs.layers.source]
type = "path"
path = "../../../Scarlet/user/std-bin"

[[sections.rootfs.layers]]
kind = "cargo"
bin = "sgfx-texture"
to = "/bin/sgfx-texture"
hash = "sha256:f59e14d70d8f84d2b9e96f46675bdf3a0227606f144e834c90d6cc766960208b"

[sections.rootfs.layers.source]
type = "path"
path = "../../../Scarlet/user/std-bin"

[[sections.rootfs.layers]]
kind = "cargo"
bin = "sgfx-showcase"
to = "/bin/sgfx-showcase"
hash = "sha256:a64ed11c5bcb5fcf4c225b93be7520ae20cb594cc34913a8afbb3fc429166148"

[sections.rootfs.layers.source]
type = "path"
path = "../../../Scarlet/user/std-bin"

[[sections.rootfs.layers]]
kind = "cargo"
bin = "httpd"
to = "/bin/httpd"
hash = "sha256:86697fc95c57b6718c39f43fd9db8f679f3e8beda476941003b37ef12eca0a67"

[sections.rootfs.layers.source]
type = "path"
path = "../../../Scarlet/user/std-bin"

[[sections.rootfs.layers]]
kind = "cargo"
package = "user-bin"
bin = "ushv"
to = "/bin/ushv"
hash = "sha256:64d25574f91d905cac8aea4a38eeb21af2bd613fb3b2ff301d2429950bd1ec5d"

[sections.rootfs.layers.source]
type = "path"
path = "../../../Scarlet/user/bin"

[[sections.rootfs.layers]]
kind = "cargo"
bin = "lsm-list"
to = "/bin/lsm-list"
hash = "sha256:91f45ac1f6b8dda7ae5cfa83537115486850e5ff076679693c9cf7c1e4d8c744"

[sections.rootfs.layers.source]
type = "path"
path = "../../../Scarlet/user/std-bin"

[[sections.rootfs.layers]]
kind = "cargo"
bin = "clock"
to = "/bin/clock"
hash = "sha256:fe184191daeafd8a691c8811fb9d953b79ee310745d0c6b44302e42226fc0b9c"

[sections.rootfs.layers.source]
type = "path"
path = "../../../Scarlet/user/std-bin"

[[sections.rootfs.layers]]
kind = "cargo"
bin = "lsm-load"
to = "/bin/lsm-load"
hash = "sha256:dda171c368e5aa06fcaf488c481a077d311e06350fce37842df4e0980794ef9b"

[sections.rootfs.layers.source]
type = "path"
path = "../../../Scarlet/user/std-bin"

[[sections.rootfs.layers]]
kind = "cargo"
bin = "lsm-unload"
to = "/bin/lsm-unload"
hash = "sha256:1d86651c50287eb0b93d3646973377b1346ad914a00abdd53d2d0845756a1721"

[sections.rootfs.layers.source]
type = "path"
path = "../../../Scarlet/user/std-bin"

[[sections.rootfs.layers]]
kind = "cargo"
bin = "input-dump"
to = "/bin/input-dump"
hash = "sha256:5fce702758b834b2de3bfbc6556cfa14b33534f8e7ee36af0dc3145633cfde2e"

[sections.rootfs.layers.source]
type = "path"
path = "../../../Scarlet/user/std-bin"

[[sections.rootfs.layers]]
kind = "cargo"
bin = "displayctl"
to = "/bin/displayctl"
hash = "sha256:7bb5fc88ca1ada30c735071cbcd3202e68e4ceae8176607459fe61a06d07b991"

[sections.rootfs.layers.source]
type = "path"
path = "../../../Scarlet/user/std-bin"

[[sections.rootfs.layers]]
kind = "cargo"
bin = "sensor-dump"
to = "/bin/sensor-dump"
hash = "sha256:4ab440bdd0999f03a5aed8dfda42570792da2ff9fb7889be8f0cd100c1a6bea5"

[sections.rootfs.layers.source]
type = "path"
path = "../../../Scarlet/user/std-bin"

[[sections.rootfs.layers]]
kind = "cargo"
bin = "tabletctl"
to = "/bin/tabletctl"
hash = "sha256:fcc16accc7eb362efba9d74ce8d61baba2ac397003a0f4f16bf75abb89daeeca"

[sections.rootfs.layers.source]
type = "path"
path = "../../../Scarlet/user/std-bin"

[[sections.rootfs.layers]]
kind = "cargo"
bin = "mozc-server"
to = "/bin/mozc-server"
hash = "sha256:1ab3c2f32562cca2540d15f594f03e9e0f9bc2bfbcf716bb9260d72c26855f39"

[sections.rootfs.layers.source]
type = "path"
path = "../../../Scarlet/user/bin"

[[sections.rootfs.layers]]
kind = "cargo"
package = "user-bin"
bin = "scarlet-mozc"
to = "/bin/scarlet-mozc"
hash = "sha256:054611e9f83f6f4287baf6c36a95368e54c56a2495589a8490d8dc0afd7e6965"

[sections.rootfs.layers.source]
type = "path"
path = "../../../Scarlet/user/bin"

[[sections.rootfs.layers]]
kind = "cargo"
package = "user-bin"
bin = "dcp-flip-test"
to = "/bin/dcp-flip-test"
hash = "sha256:7c89a88f4d7ecc6279b726723f8f4cd08acd0709ea95e5b600567abef4803d7f"

[sections.rootfs.layers.source]
type = "path"
path = "../../../Scarlet/user/bin"

[[sections.rootfs.layers]]
kind = "cargo"
git = "https://github.com/petitstrawberry/carmine"
git_ref = "de71bdc8826b1fd81ec58cca4f901a768755f82c"
resolved_rev = "de71bdc8826b1fd81ec58cca4f901a768755f82c"
package = "carmine"
bin = "carmine"
to = "/bin/carmine"
hash = "sha256:3ade3e7426f6ef68b36555c70b7012b0a308542c5cda21885ceb1354986887ea"

[sections.rootfs.layers.source]
type = "git"
url = "https://github.com/petitstrawberry/carmine"
rev = "de71bdc8826b1fd81ec58cca4f901a768755f82c"

[[sections.rootfs.layers]]
kind = "cargo"
git = "https://github.com/petitstrawberry/myrica"
git_ref = "bae87e0a7da998d9c6bd25e30ff566bbc5324169"
resolved_rev = "bae87e0a7da998d9c6bd25e30ff566bbc5324169"
package = "myrica"
bin = "myrica"
to = "/bin/myrica"
hash = "sha256:f7892b629df5dedf722009e6d269a9aba987a2107ff2109b41678c17d4685981"

[sections.rootfs.layers.source]
type = "git"
url = "https://github.com/petitstrawberry/myrica"
rev = "bae87e0a7da998d9c6bd25e30ff566bbc5324169"

[[sections.rootfs.layers]]
kind = "cargo"
git = "https://github.com/petitstrawberry/vellum"
git_ref = "6b214d224fb97b26658de29858d6d03292d640bb"
resolved_rev = "6b214d224fb97b26658de29858d6d03292d640bb"
package = "vellum"
bin = "vellum"
to = "/bin/vellum"
hash = "sha256:45ad9c17db53a0172663b681f319bf7478ad724dac371ddf4cf023c281e8102d"

[sections.rootfs.layers.source]
type = "git"
url = "https://github.com/petitstrawberry/vellum"
rev = "6b214d224fb97b26658de29858d6d03292d640bb"

[[sections.rootfs.layers]]
kind = "cargo"
git = "https://github.com/petitstrawberry/boxcraft"
git_ref = "903e890ab91fc120ac1aa5d68e07fdad9f4ac8df"
resolved_rev = "903e890ab91fc120ac1aa5d68e07fdad9f4ac8df"
package = "boxcraft"
bin = "boxcraft"
to = "/bin/boxcraft"
hash = "sha256:9f56ff9216a3be1b17fab0892ad2ab7846fe4ff0efc1330135d0f952b12eace0"

[sections.rootfs.layers.source]
type = "git"
url = "https://github.com/petitstrawberry/boxcraft"
rev = "903e890ab91fc120ac1aa5d68e07fdad9f4ac8df"

[[sections.rootfs.layers]]
kind = "cargo"
bin = "remote-desktop"
to = "/bin/remote-desktop"
hash = "sha256:d43e0ddfd1919496d3a6f2767d0f5feedc443357fcc86da814c617fe02e6083c"

[sections.rootfs.layers.source]
type = "path"
path = "../../../Scarlet/user/std-bin"

[[sections.rootfs.layers]]
kind = "archive"
to = "/systems/linux-aarch64"
format = "tar-zst"
strip_components = 1
hash = "sha256:4d94a1870a9be510987c61eb7371d35a7d31415ca49a56ecb8df74791a4e2eb0"

[sections.rootfs.layers.source]
type = "archive"
url = "https://github.com/petitstrawberry/scarlet-bundle-linux/releases/download/v0.1.0/rootfs-aarch64-v0.1.0.tar.zst"
sha256 = "sha256:4d94a1870a9be510987c61eb7371d35a7d31415ca49a56ecb8df74791a4e2eb0"

[[sections.rootfs.layers]]
kind = "archive"
to = "/systems/linux-aarch64"
format = "tar-zst"
strip_components = 1
hash = "sha256:727f20be6a009329e0be7c627f4dd07904588825077e4c431c943d9555499c26"

[sections.rootfs.layers.source]
type = "archive"
url = "https://github.com/petitstrawberry/scarlet-bundle-linux/releases/download/v0.1.0/mozc-aarch64-v0.1.0.tar.zst"
sha256 = "sha256:727f20be6a009329e0be7c627f4dd07904588825077e4c431c943d9555499c26"

[[sections.rootfs.layers]]
kind = "cargo"
git = "https://github.com/petitstrawberry/moonlight-scarlet.git"
git_ref = "c36d9b0367fa7b6fc88d9104f0a7a3b03f6755df"
resolved_rev = "c36d9b0367fa7b6fc88d9104f0a7a3b03f6755df"
package = "moonlight"
bin = "moonlight"
to = "/bin/moonlight"
hash = "sha256:57ac3f09d047c79d65841aacffd4b3892c630aeb603778d5785ba6555996025f"

[sections.rootfs.layers.source]
type = "git"
url = "https://github.com/petitstrawberry/moonlight-scarlet.git"
rev = "c36d9b0367fa7b6fc88d9104f0a7a3b03f6755df"

[[sections.rootfs.layers]]
kind = "cargo"
package = "video_player"
bin = "video-player"
features = [
    "av1-stateful-hw",
    "h264-stateful-hw",
    "h264-stateless-hw",
    "mp4-aac",
]
default-features = false
to = "/bin/video-player"
hash = "sha256:0ec3ef859d017d1d580c8b47485743ac7b86db67380352a3de62d28153fa9338"

[sections.rootfs.layers.source]
type = "path"
path = "../../../Scarlet/user/video_player"

[[sections.rootfs.layers]]
kind = "cargo"
git = "https://github.com/petitstrawberry/yt-for-scarlet"
git_ref = "5b12d06fb86157829b653d9204bf465114814a0a"
resolved_rev = "5b12d06fb86157829b653d9204bf465114814a0a"
package = "yt"
bin = "yt"
to = "/bin/yt"
hash = "sha256:3e2ec773e35b9c1c6e247ca366694a103042e39a012f617b3ce820fc1ff084ce"

[sections.rootfs.layers.source]
type = "git"
url = "https://github.com/petitstrawberry/yt-for-scarlet"
rev = "5b12d06fb86157829b653d9204bf465114814a0a"

[[sections.rootfs.layers]]
kind = "cargo"
git = "https://github.com/petitstrawberry/yt-for-scarlet"
git_ref = "5b12d06fb86157829b653d9204bf465114814a0a"
resolved_rev = "5b12d06fb86157829b653d9204bf465114814a0a"
package = "yt-gui"
bin = "yt-gui"
to = "/bin/yt-gui"
hash = "sha256:f04eaf9ecac61af12fbabc07829c86a94f152cb721d4d55fdae417c1c86f4a86"

[sections.rootfs.layers.source]
type = "git"
url = "https://github.com/petitstrawberry/yt-for-scarlet"
rev = "5b12d06fb86157829b653d9204bf465114814a0a"

[[sections.rootfs.layers]]
kind = "cargo"
package = "scarlet-std-bin"
bin = "axum-demo"
to = "/bin/axum-demo"
hash = "sha256:a67df79b840d78153e5105ba42a7beec7537c3a0ba23a914869812f5ce107886"

[sections.rootfs.layers.source]
type = "path"
path = "../../../Scarlet/user/std-bin"

[[sections.rootfs.layers]]
kind = "cargo"
package = "scarlet-std-bin"
bin = "reqwest-demo"
to = "/bin/reqwest-demo"
hash = "sha256:741115611e9587371a9ead37bcd1aaf24bf6b8addfffbd4414c7dbfc5cd27f7e"

[sections.rootfs.layers.source]
type = "path"
path = "../../../Scarlet/user/std-bin"

[[sections.rootfs.layers]]
kind = "cargo"
package = "scarlet-tonic-demo"
bin = "tonic-server"
to = "/bin/tonic-server"
hash = "sha256:953911ce4ec16675313a750160d5425aaf5c97782981839395849ccd98994881"

[sections.rootfs.layers.source]
type = "path"
path = "../../../Scarlet/user/tonic-demo"

[[sections.rootfs.layers]]
kind = "cargo"
package = "scarlet-tonic-demo"
bin = "tonic-client"
to = "/bin/tonic-client"
hash = "sha256:ed2f7a91e400f7a8b80c567c5cc15d4437124cffb264ee3d15c604f888c0877d"

[sections.rootfs.layers.source]
type = "path"
path = "../../../Scarlet/user/tonic-demo"

[[sections.rootfs.layers]]
kind = "cargo"
package = "scarlet-websocket-demo"
bin = "ws-server"
to = "/bin/ws-server"
hash = "sha256:04c94d13898a072ae7b8db0023944a3b8b2247da3d773fde2f59e9d0507f761c"

[sections.rootfs.layers.source]
type = "path"
path = "../../../Scarlet/user/websocket-demo"

[[sections.rootfs.layers]]
kind = "cargo"
package = "scarlet-websocket-demo"
bin = "ws-client"
to = "/bin/ws-client"
hash = "sha256:042aa1d2f9ee6e2f240d2a091546bf4cd62e5936f1a471ac1bbe5fef5c956a29"

[sections.rootfs.layers.source]
type = "path"
path = "../../../Scarlet/user/websocket-demo"

[[sections.rootfs.layers]]
kind = "cargo"
git = "https://github.com/petitstrawberry/blitz"
git_ref = "c26e20dfff971941486ca9f50c8dcd332ec404da"
resolved_rev = "c26e20dfff971941486ca9f50c8dcd332ec404da"
package = "blitz-scarlet-browser"
bin = "blitz"
subdir = "apps/scarlet-browser"
to = "/bin/blitz"
hash = "sha256:21f3b6385971e1e7c5eabd181cd6e133b68923f35372a652ce9cf42b99cd27bd"

[sections.rootfs.layers.source]
type = "git"
url = "https://github.com/petitstrawberry/blitz"
rev = "c26e20dfff971941486ca9f50c8dcd332ec404da"
