# This file is automatically @generated by Cargo.
# It is not intended for manual editing.
version = 4

[[package]]
name = "adreno-a6xx-layout"
version = "0.1.0"

[[package]]
name = "adreno-a6xx-pm4"
version = "0.1.0"

[[package]]
name = "adreno-a6xx-shader-pack"
version = "0.1.0"

[[package]]
name = "sgfx-codegen-adreno-a6xx"
version = "0.1.0"
dependencies = [
 "adreno-a6xx-layout",
 "adreno-a6xx-pm4",
 "adreno-a6xx-shader-pack",
 "sgfx-core",
]

[[package]]
name = "sgfx-core"
version = "0.16.0"
source = "git+https://github.com/petitstrawberry/sgfx#0e7b2b47856c3889648cdccb60b3c30d2082e4a2"
